
Microsoft Visual Studio Solution File, Format Version 12.00
# Visual Studio Version 17
VisualStudioVersion = 17.6.33723.286
MinimumVisualStudioVersion = 10.0.40219.1
Project("{9A19103F-16F7-4668-BE54-9A1E7A4F7556}") = "WinGPT", "WinGPT.csproj", "{DB9CB837-3625-4259-98DC-4E46BFEA559B}"
EndProject
Project("{9A19103F-16F7-4668-BE54-9A1E7A4F7556}") = "WinGPT.Tests", "..\WinGPTTests\WinGPT.Tests.csproj", "{C923C935-B53E-498D-B72C-104194292703}"
EndProject
Project("{9A19103F-16F7-4668-BE54-9A1E7A4F7556}") = "JSON_Schema_Trials", "..\JSON_Schema_Trials\JSON_Schema_Trials.csproj", "{58B62319-9FAD-48B5-AF9D-3E6D91E3E948}"
EndProject
Project("{54435603-DBB4-11D2-8724-00A0C9A8B90C}") = "WinGPT_Setup", "..\WinGPT_Setup\WinGPT_Setup.vdproj", "{1920FF3C-47BB-4779-B0D4-6945771DBEE7}"
EndProject
Project("{2150E333-8FDC-42A3-9474-1A3956D46DE8}") = "Solution Items", "Solution Items", "{26401D2B-EEE0-489C-873F-E95E8C5451B1}"
	ProjectSection(SolutionItems) = preProject
		.editorconfig = .editorconfig
	EndProjectSection
EndProject
Project("{9A19103F-16F7-4668-BE54-9A1E7A4F7556}") = "AdvancedTokenCountingTrials", "..\AdvancedTokenCountingTrials\AdvancedTokenCountingTrials.csproj", "{C6BEE7B7-47CD-46D2-8C89-B06624EE5030}"
EndProject
Project("{54435603-DBB4-11D2-8724-00A0C9A8B90C}") = "WinGPT_SetupWizard", "..\WinGPT_SetupWizard\WinGPT_SetupWizard.vdproj", "{012B7BD7-3C43-41A3-BDA4-C9681F9F70FC}"
EndProject
Project("{9A19103F-16F7-4668-BE54-9A1E7A4F7556}") = "WebView2_LocalFile_Trials", "..\WebView2_LocalFile_Trials\WebView2_LocalFile_Trials.csproj", "{FFBFDA16-B378-448F-BB15-3EB3D039120E}"
EndProject
Project("{FAE04EC0-301F-11D3-BF4B-00C04F79EFBC}") = "webview2_dummy_Trials", "..\webview2_dummy_Trials\webview2_dummy_Trials.csproj", "{D7CDFEC0-057A-4820-B418-55D830100B67}"
EndProject
Project("{9A19103F-16F7-4668-BE54-9A1E7A4F7556}") = "MSML_tokenBS", "..\MSML_tokenBS\MSML_tokenBS.csproj", "{787F2B39-C4D3-439C-915A-6399285CBE38}"
EndProject
Project("{FAE04EC0-301F-11D3-BF4B-00C04F79EFBC}") = "DeepDev_Tokenizer_Trials", "..\DeepDev_Tokenizer_Trials\DeepDev_Tokenizer_Trials.csproj", "{88E26F93-2892-417F-A198-1EA684F8F535}"
EndProject
Project("{9A19103F-16F7-4668-BE54-9A1E7A4F7556}") = "tryGI_tokenizer_TRIALS", "..\tryGI_tokenizer_TRIALS\tryGI_tokenizer_TRIALS.csproj", "{6314B314-EFB0-46FD-9E9E-5341868009E1}"
EndProject
Project("{FAE04EC0-301F-11D3-BF4B-00C04F79EFBC}") = "OpenAI_Tools_Trials", "..\OpenAI_Tools_Trials\OpenAI_Tools_Trials.csproj", "{0E8EFAF6-9595-42EE-9C97-98617F06AD4C}"
EndProject
Project("{FAE04EC0-301F-11D3-BF4B-00C04F79EFBC}") = "ExternalScreenshotTool", "..\ExternalScreenshotTool\ExternalScreenshotTool.csproj", "{39AE1D93-B94B-4972-8A5B-F40C285B7AAD}"
EndProject
Global
	GlobalSection(SolutionConfigurationPlatforms) = preSolution
		Debug|Any CPU = Debug|Any CPU
		Debug|ARM64 = Debug|ARM64
		Debug|x64 = Debug|x64
		Debug|x86 = Debug|x86
		Release|Any CPU = Release|Any CPU
		Release|ARM64 = Release|ARM64
		Release|x64 = Release|x64
		Release|x86 = Release|x86
	EndGlobalSection
	GlobalSection(ProjectConfigurationPlatforms) = postSolution
		{DB9CB837-3625-4259-98DC-4E46BFEA559B}.Debug|Any CPU.ActiveCfg = Debug|Any CPU
		{DB9CB837-3625-4259-98DC-4E46BFEA559B}.Debug|Any CPU.Build.0 = Debug|Any CPU
		{DB9CB837-3625-4259-98DC-4E46BFEA559B}.Debug|ARM64.ActiveCfg = Debug|Any CPU
		{DB9CB837-3625-4259-98DC-4E46BFEA559B}.Debug|ARM64.Build.0 = Debug|Any CPU
		{DB9CB837-3625-4259-98DC-4E46BFEA559B}.Debug|x64.ActiveCfg = Debug|x64
		{DB9CB837-3625-4259-98DC-4E46BFEA559B}.Debug|x64.Build.0 = Debug|x64
		{DB9CB837-3625-4259-98DC-4E46BFEA559B}.Debug|x86.ActiveCfg = Debug|Any CPU
		{DB9CB837-3625-4259-98DC-4E46BFEA559B}.Debug|x86.Build.0 = Debug|Any CPU
		{DB9CB837-3625-4259-98DC-4E46BFEA559B}.Release|Any CPU.ActiveCfg = Release|Any CPU
		{DB9CB837-3625-4259-98DC-4E46BFEA559B}.Release|Any CPU.Build.0 = Release|Any CPU
		{DB9CB837-3625-4259-98DC-4E46BFEA559B}.Release|ARM64.ActiveCfg = Release|Any CPU
		{DB9CB837-3625-4259-98DC-4E46BFEA559B}.Release|ARM64.Build.0 = Release|Any CPU
		{DB9CB837-3625-4259-98DC-4E46BFEA559B}.Release|x64.ActiveCfg = Release|x64
		{DB9CB837-3625-4259-98DC-4E46BFEA559B}.Release|x64.Build.0 = Release|x64
		{DB9CB837-3625-4259-98DC-4E46BFEA559B}.Release|x86.ActiveCfg = Release|x86
		{DB9CB837-3625-4259-98DC-4E46BFEA559B}.Release|x86.Build.0 = Release|x86
		{C923C935-B53E-498D-B72C-104194292703}.Debug|Any CPU.ActiveCfg = Debug|Any CPU
		{C923C935-B53E-498D-B72C-104194292703}.Debug|Any CPU.Build.0 = Debug|Any CPU
		{C923C935-B53E-498D-B72C-104194292703}.Debug|ARM64.ActiveCfg = Debug|Any CPU
		{C923C935-B53E-498D-B72C-104194292703}.Debug|ARM64.Build.0 = Debug|Any CPU
		{C923C935-B53E-498D-B72C-104194292703}.Debug|x64.ActiveCfg = Debug|x64
		{C923C935-B53E-498D-B72C-104194292703}.Debug|x64.Build.0 = Debug|x64
		{C923C935-B53E-498D-B72C-104194292703}.Debug|x86.ActiveCfg = Debug|Any CPU
		{C923C935-B53E-498D-B72C-104194292703}.Debug|x86.Build.0 = Debug|Any CPU
		{C923C935-B53E-498D-B72C-104194292703}.Release|Any CPU.ActiveCfg = Release|Any CPU
		{C923C935-B53E-498D-B72C-104194292703}.Release|Any CPU.Build.0 = Release|Any CPU
		{C923C935-B53E-498D-B72C-104194292703}.Release|ARM64.ActiveCfg = Release|Any CPU
		{C923C935-B53E-498D-B72C-104194292703}.Release|ARM64.Build.0 = Release|Any CPU
		{C923C935-B53E-498D-B72C-104194292703}.Release|x64.ActiveCfg = Release|x64
		{C923C935-B53E-498D-B72C-104194292703}.Release|x64.Build.0 = Release|x64
		{C923C935-B53E-498D-B72C-104194292703}.Release|x86.ActiveCfg = Release|Any CPU
		{C923C935-B53E-498D-B72C-104194292703}.Release|x86.Build.0 = Release|Any CPU
		{58B62319-9FAD-48B5-AF9D-3E6D91E3E948}.Debug|Any CPU.ActiveCfg = Debug|Any CPU
		{58B62319-9FAD-48B5-AF9D-3E6D91E3E948}.Debug|Any CPU.Build.0 = Debug|Any CPU
		{58B62319-9FAD-48B5-AF9D-3E6D91E3E948}.Debug|ARM64.ActiveCfg = Debug|Any CPU
		{58B62319-9FAD-48B5-AF9D-3E6D91E3E948}.Debug|ARM64.Build.0 = Debug|Any CPU
		{58B62319-9FAD-48B5-AF9D-3E6D91E3E948}.Debug|x64.ActiveCfg = Debug|Any CPU
		{58B62319-9FAD-48B5-AF9D-3E6D91E3E948}.Debug|x64.Build.0 = Debug|Any CPU
		{58B62319-9FAD-48B5-AF9D-3E6D91E3E948}.Debug|x86.ActiveCfg = Debug|Any CPU
		{58B62319-9FAD-48B5-AF9D-3E6D91E3E948}.Debug|x86.Build.0 = Debug|Any CPU
		{58B62319-9FAD-48B5-AF9D-3E6D91E3E948}.Release|Any CPU.ActiveCfg = Release|Any CPU
		{58B62319-9FAD-48B5-AF9D-3E6D91E3E948}.Release|Any CPU.Build.0 = Release|Any CPU
		{58B62319-9FAD-48B5-AF9D-3E6D91E3E948}.Release|ARM64.ActiveCfg = Release|Any CPU
		{58B62319-9FAD-48B5-AF9D-3E6D91E3E948}.Release|ARM64.Build.0 = Release|Any CPU
		{58B62319-9FAD-48B5-AF9D-3E6D91E3E948}.Release|x64.ActiveCfg = Release|Any CPU
		{58B62319-9FAD-48B5-AF9D-3E6D91E3E948}.Release|x64.Build.0 = Release|Any CPU
		{58B62319-9FAD-48B5-AF9D-3E6D91E3E948}.Release|x86.ActiveCfg = Release|Any CPU
		{58B62319-9FAD-48B5-AF9D-3E6D91E3E948}.Release|x86.Build.0 = Release|Any CPU
		{1920FF3C-47BB-4779-B0D4-6945771DBEE7}.Debug|Any CPU.ActiveCfg = Debug
		{1920FF3C-47BB-4779-B0D4-6945771DBEE7}.Debug|ARM64.ActiveCfg = Debug
		{1920FF3C-47BB-4779-B0D4-6945771DBEE7}.Debug|x64.ActiveCfg = Debug
		{1920FF3C-47BB-4779-B0D4-6945771DBEE7}.Debug|x86.ActiveCfg = Debug
		{1920FF3C-47BB-4779-B0D4-6945771DBEE7}.Release|Any CPU.ActiveCfg = Release
		{1920FF3C-47BB-4779-B0D4-6945771DBEE7}.Release|ARM64.ActiveCfg = Release
		{1920FF3C-47BB-4779-B0D4-6945771DBEE7}.Release|x64.ActiveCfg = Release
		{1920FF3C-47BB-4779-B0D4-6945771DBEE7}.Release|x86.ActiveCfg = Release
		{C6BEE7B7-47CD-46D2-8C89-B06624EE5030}.Debug|Any CPU.ActiveCfg = Debug|Any CPU
		{C6BEE7B7-47CD-46D2-8C89-B06624EE5030}.Debug|Any CPU.Build.0 = Debug|Any CPU
		{C6BEE7B7-47CD-46D2-8C89-B06624EE5030}.Debug|ARM64.ActiveCfg = Debug|Any CPU
		{C6BEE7B7-47CD-46D2-8C89-B06624EE5030}.Debug|ARM64.Build.0 = Debug|Any CPU
		{C6BEE7B7-47CD-46D2-8C89-B06624EE5030}.Debug|x64.ActiveCfg = Debug|Any CPU
		{C6BEE7B7-47CD-46D2-8C89-B06624EE5030}.Debug|x64.Build.0 = Debug|Any CPU
		{C6BEE7B7-47CD-46D2-8C89-B06624EE5030}.Debug|x86.ActiveCfg = Debug|Any CPU
		{C6BEE7B7-47CD-46D2-8C89-B06624EE5030}.Debug|x86.Build.0 = Debug|Any CPU
		{C6BEE7B7-47CD-46D2-8C89-B06624EE5030}.Release|Any CPU.ActiveCfg = Release|Any CPU
		{C6BEE7B7-47CD-46D2-8C89-B06624EE5030}.Release|Any CPU.Build.0 = Release|Any CPU
		{C6BEE7B7-47CD-46D2-8C89-B06624EE5030}.Release|ARM64.ActiveCfg = Release|Any CPU
		{C6BEE7B7-47CD-46D2-8C89-B06624EE5030}.Release|ARM64.Build.0 = Release|Any CPU
		{C6BEE7B7-47CD-46D2-8C89-B06624EE5030}.Release|x64.ActiveCfg = Release|Any CPU
		{C6BEE7B7-47CD-46D2-8C89-B06624EE5030}.Release|x64.Build.0 = Release|Any CPU
		{C6BEE7B7-47CD-46D2-8C89-B06624EE5030}.Release|x86.ActiveCfg = Release|Any CPU
		{C6BEE7B7-47CD-46D2-8C89-B06624EE5030}.Release|x86.Build.0 = Release|Any CPU
		{012B7BD7-3C43-41A3-BDA4-C9681F9F70FC}.Debug|Any CPU.ActiveCfg = Debug
		{012B7BD7-3C43-41A3-BDA4-C9681F9F70FC}.Debug|ARM64.ActiveCfg = Debug
		{012B7BD7-3C43-41A3-BDA4-C9681F9F70FC}.Debug|x64.ActiveCfg = Debug
		{012B7BD7-3C43-41A3-BDA4-C9681F9F70FC}.Debug|x86.ActiveCfg = Debug
		{012B7BD7-3C43-41A3-BDA4-C9681F9F70FC}.Release|Any CPU.ActiveCfg = Release
		{012B7BD7-3C43-41A3-BDA4-C9681F9F70FC}.Release|ARM64.ActiveCfg = Release
		{012B7BD7-3C43-41A3-BDA4-C9681F9F70FC}.Release|x64.ActiveCfg = Release
		{012B7BD7-3C43-41A3-BDA4-C9681F9F70FC}.Release|x86.ActiveCfg = Release
		{FFBFDA16-B378-448F-BB15-3EB3D039120E}.Debug|Any CPU.ActiveCfg = Debug|Any CPU
		{FFBFDA16-B378-448F-BB15-3EB3D039120E}.Debug|Any CPU.Build.0 = Debug|Any CPU
		{FFBFDA16-B378-448F-BB15-3EB3D039120E}.Debug|ARM64.ActiveCfg = Debug|Any CPU
		{FFBFDA16-B378-448F-BB15-3EB3D039120E}.Debug|ARM64.Build.0 = Debug|Any CPU
		{FFBFDA16-B378-448F-BB15-3EB3D039120E}.Debug|x64.ActiveCfg = Debug|Any CPU
		{FFBFDA16-B378-448F-BB15-3EB3D039120E}.Debug|x64.Build.0 = Debug|Any CPU
		{FFBFDA16-B378-448F-BB15-3EB3D039120E}.Debug|x86.ActiveCfg = Debug|Any CPU
		{FFBFDA16-B378-448F-BB15-3EB3D039120E}.Debug|x86.Build.0 = Debug|Any CPU
		{FFBFDA16-B378-448F-BB15-3EB3D039120E}.Release|Any CPU.ActiveCfg = Release|Any CPU
		{FFBFDA16-B378-448F-BB15-3EB3D039120E}.Release|Any CPU.Build.0 = Release|Any CPU
		{FFBFDA16-B378-448F-BB15-3EB3D039120E}.Release|ARM64.ActiveCfg = Release|Any CPU
		{FFBFDA16-B378-448F-BB15-3EB3D039120E}.Release|ARM64.Build.0 = Release|Any CPU
		{FFBFDA16-B378-448F-BB15-3EB3D039120E}.Release|x64.ActiveCfg = Release|Any CPU
		{FFBFDA16-B378-448F-BB15-3EB3D039120E}.Release|x64.Build.0 = Release|Any CPU
		{FFBFDA16-B378-448F-BB15-3EB3D039120E}.Release|x86.ActiveCfg = Release|Any CPU
		{FFBFDA16-B378-448F-BB15-3EB3D039120E}.Release|x86.Build.0 = Release|Any CPU
		{D7CDFEC0-057A-4820-B418-55D830100B67}.Debug|Any CPU.ActiveCfg = Debug|Any CPU
		{D7CDFEC0-057A-4820-B418-55D830100B67}.Debug|Any CPU.Build.0 = Debug|Any CPU
		{D7CDFEC0-057A-4820-B418-55D830100B67}.Debug|ARM64.ActiveCfg = Debug|Any CPU
		{D7CDFEC0-057A-4820-B418-55D830100B67}.Debug|ARM64.Build.0 = Debug|Any CPU
		{D7CDFEC0-057A-4820-B418-55D830100B67}.Debug|x64.ActiveCfg = Debug|Any CPU
		{D7CDFEC0-057A-4820-B418-55D830100B67}.Debug|x64.Build.0 = Debug|Any CPU
		{D7CDFEC0-057A-4820-B418-55D830100B67}.Debug|x86.ActiveCfg = Debug|Any CPU
		{D7CDFEC0-057A-4820-B418-55D830100B67}.Debug|x86.Build.0 = Debug|Any CPU
		{D7CDFEC0-057A-4820-B418-55D830100B67}.Release|Any CPU.ActiveCfg = Release|Any CPU
		{D7CDFEC0-057A-4820-B418-55D830100B67}.Release|Any CPU.Build.0 = Release|Any CPU
		{D7CDFEC0-057A-4820-B418-55D830100B67}.Release|ARM64.ActiveCfg = Release|Any CPU
		{D7CDFEC0-057A-4820-B418-55D830100B67}.Release|ARM64.Build.0 = Release|Any CPU
		{D7CDFEC0-057A-4820-B418-55D830100B67}.Release|x64.ActiveCfg = Release|Any CPU
		{D7CDFEC0-057A-4820-B418-55D830100B67}.Release|x64.Build.0 = Release|Any CPU
		{D7CDFEC0-057A-4820-B418-55D830100B67}.Release|x86.ActiveCfg = Release|Any CPU
		{D7CDFEC0-057A-4820-B418-55D830100B67}.Release|x86.Build.0 = Release|Any CPU
		{787F2B39-C4D3-439C-915A-6399285CBE38}.Debug|Any CPU.ActiveCfg = Debug|Any CPU
		{787F2B39-C4D3-439C-915A-6399285CBE38}.Debug|Any CPU.Build.0 = Debug|Any CPU
		{787F2B39-C4D3-439C-915A-6399285CBE38}.Debug|ARM64.ActiveCfg = Debug|Any CPU
		{787F2B39-C4D3-439C-915A-6399285CBE38}.Debug|ARM64.Build.0 = Debug|Any CPU
		{787F2B39-C4D3-439C-915A-6399285CBE38}.Debug|x64.ActiveCfg = Debug|Any CPU
		{787F2B39-C4D3-439C-915A-6399285CBE38}.Debug|x64.Build.0 = Debug|Any CPU
		{787F2B39-C4D3-439C-915A-6399285CBE38}.Debug|x86.ActiveCfg = Debug|Any CPU
		{787F2B39-C4D3-439C-915A-6399285CBE38}.Debug|x86.Build.0 = Debug|Any CPU
		{787F2B39-C4D3-439C-915A-6399285CBE38}.Release|Any CPU.ActiveCfg = Release|Any CPU
		{787F2B39-C4D3-439C-915A-6399285CBE38}.Release|Any CPU.Build.0 = Release|Any CPU
		{787F2B39-C4D3-439C-915A-6399285CBE38}.Release|ARM64.ActiveCfg = Release|Any CPU
		{787F2B39-C4D3-439C-915A-6399285CBE38}.Release|ARM64.Build.0 = Release|Any CPU
		{787F2B39-C4D3-439C-915A-6399285CBE38}.Release|x64.ActiveCfg = Release|Any CPU
		{787F2B39-C4D3-439C-915A-6399285CBE38}.Release|x64.Build.0 = Release|Any CPU
		{787F2B39-C4D3-439C-915A-6399285CBE38}.Release|x86.ActiveCfg = Release|Any CPU
		{787F2B39-C4D3-439C-915A-6399285CBE38}.Release|x86.Build.0 = Release|Any CPU
		{88E26F93-2892-417F-A198-1EA684F8F535}.Debug|Any CPU.ActiveCfg = Debug|Any CPU
		{88E26F93-2892-417F-A198-1EA684F8F535}.Debug|Any CPU.Build.0 = Debug|Any CPU
		{88E26F93-2892-417F-A198-1EA684F8F535}.Debug|ARM64.ActiveCfg = Debug|Any CPU
		{88E26F93-2892-417F-A198-1EA684F8F535}.Debug|ARM64.Build.0 = Debug|Any CPU
		{88E26F93-2892-417F-A198-1EA684F8F535}.Debug|x64.ActiveCfg = Debug|Any CPU
		{88E26F93-2892-417F-A198-1EA684F8F535}.Debug|x64.Build.0 = Debug|Any CPU
		{88E26F93-2892-417F-A198-1EA684F8F535}.Debug|x86.ActiveCfg = Debug|Any CPU
		{88E26F93-2892-417F-A198-1EA684F8F535}.Debug|x86.Build.0 = Debug|Any CPU
		{88E26F93-2892-417F-A198-1EA684F8F535}.Release|Any CPU.ActiveCfg = Release|Any CPU
		{88E26F93-2892-417F-A198-1EA684F8F535}.Release|Any CPU.Build.0 = Release|Any CPU
		{88E26F93-2892-417F-A198-1EA684F8F535}.Release|ARM64.ActiveCfg = Release|Any CPU
		{88E26F93-2892-417F-A198-1EA684F8F535}.Release|ARM64.Build.0 = Release|Any CPU
		{88E26F93-2892-417F-A198-1EA684F8F535}.Release|x64.ActiveCfg = Release|Any CPU
		{88E26F93-2892-417F-A198-1EA684F8F535}.Release|x64.Build.0 = Release|Any CPU
		{88E26F93-2892-417F-A198-1EA684F8F535}.Release|x86.ActiveCfg = Release|Any CPU
		{88E26F93-2892-417F-A198-1EA684F8F535}.Release|x86.Build.0 = Release|Any CPU
		{6314B314-EFB0-46FD-9E9E-5341868009E1}.Debug|Any CPU.ActiveCfg = Debug|Any CPU
		{6314B314-EFB0-46FD-9E9E-5341868009E1}.Debug|Any CPU.Build.0 = Debug|Any CPU
		{6314B314-EFB0-46FD-9E9E-5341868009E1}.Debug|ARM64.ActiveCfg = Debug|Any CPU
		{6314B314-EFB0-46FD-9E9E-5341868009E1}.Debug|ARM64.Build.0 = Debug|Any CPU
		{6314B314-EFB0-46FD-9E9E-5341868009E1}.Debug|x64.ActiveCfg = Debug|Any CPU
		{6314B314-EFB0-46FD-9E9E-5341868009E1}.Debug|x64.Build.0 = Debug|Any CPU
		{6314B314-EFB0-46FD-9E9E-5341868009E1}.Debug|x86.ActiveCfg = Debug|Any CPU
		{6314B314-EFB0-46FD-9E9E-5341868009E1}.Debug|x86.Build.0 = Debug|Any CPU
		{6314B314-EFB0-46FD-9E9E-5341868009E1}.Release|Any CPU.ActiveCfg = Release|Any CPU
		{6314B314-EFB0-46FD-9E9E-5341868009E1}.Release|Any CPU.Build.0 = Release|Any CPU
		{6314B314-EFB0-46FD-9E9E-5341868009E1}.Release|ARM64.ActiveCfg = Release|Any CPU
		{6314B314-EFB0-46FD-9E9E-5341868009E1}.Release|ARM64.Build.0 = Release|Any CPU
		{6314B314-EFB0-46FD-9E9E-5341868009E1}.Release|x64.ActiveCfg = Release|Any CPU
		{6314B314-EFB0-46FD-9E9E-5341868009E1}.Release|x64.Build.0 = Release|Any CPU
		{6314B314-EFB0-46FD-9E9E-5341868009E1}.Release|x86.ActiveCfg = Release|Any CPU
		{6314B314-EFB0-46FD-9E9E-5341868009E1}.Release|x86.Build.0 = Release|Any CPU
		{0E8EFAF6-9595-42EE-9C97-98617F06AD4C}.Debug|Any CPU.ActiveCfg = Debug|Any CPU
		{0E8EFAF6-9595-42EE-9C97-98617F06AD4C}.Debug|Any CPU.Build.0 = Debug|Any CPU
		{0E8EFAF6-9595-42EE-9C97-98617F06AD4C}.Debug|ARM64.ActiveCfg = Debug|Any CPU
		{0E8EFAF6-9595-42EE-9C97-98617F06AD4C}.Debug|ARM64.Build.0 = Debug|Any CPU
		{0E8EFAF6-9595-42EE-9C97-98617F06AD4C}.Debug|x64.ActiveCfg = Debug|Any CPU
		{0E8EFAF6-9595-42EE-9C97-98617F06AD4C}.Debug|x64.Build.0 = Debug|Any CPU
		{0E8EFAF6-9595-42EE-9C97-98617F06AD4C}.Debug|x86.ActiveCfg = Debug|Any CPU
		{0E8EFAF6-9595-42EE-9C97-98617F06AD4C}.Debug|x86.Build.0 = Debug|Any CPU
		{0E8EFAF6-9595-42EE-9C97-98617F06AD4C}.Release|Any CPU.ActiveCfg = Release|Any CPU
		{0E8EFAF6-9595-42EE-9C97-98617F06AD4C}.Release|Any CPU.Build.0 = Release|Any CPU
		{0E8EFAF6-9595-42EE-9C97-98617F06AD4C}.Release|ARM64.ActiveCfg = Release|Any CPU
		{0E8EFAF6-9595-42EE-9C97-98617F06AD4C}.Release|ARM64.Build.0 = Release|Any CPU
		{0E8EFAF6-9595-42EE-9C97-98617F06AD4C}.Release|x64.ActiveCfg = Release|Any CPU
		{0E8EFAF6-9595-42EE-9C97-98617F06AD4C}.Release|x64.Build.0 = Release|Any CPU
		{0E8EFAF6-9595-42EE-9C97-98617F06AD4C}.Release|x86.ActiveCfg = Release|Any CPU
		{0E8EFAF6-9595-42EE-9C97-98617F06AD4C}.Release|x86.Build.0 = Release|Any CPU
		{39AE1D93-B94B-4972-8A5B-F40C285B7AAD}.Debug|Any CPU.ActiveCfg = Debug|Any CPU
		{39AE1D93-B94B-4972-8A5B-F40C285B7AAD}.Debug|Any CPU.Build.0 = Debug|Any CPU
		{39AE1D93-B94B-4972-8A5B-F40C285B7AAD}.Debug|ARM64.ActiveCfg = Debug|Any CPU
		{39AE1D93-B94B-4972-8A5B-F40C285B7AAD}.Debug|ARM64.Build.0 = Debug|Any CPU
		{39AE1D93-B94B-4972-8A5B-F40C285B7AAD}.Debug|x64.ActiveCfg = Debug|Any CPU
		{39AE1D93-B94B-4972-8A5B-F40C285B7AAD}.Debug|x64.Build.0 = Debug|Any CPU
		{39AE1D93-B94B-4972-8A5B-F40C285B7AAD}.Debug|x86.ActiveCfg = Debug|Any CPU
		{39AE1D93-B94B-4972-8A5B-F40C285B7AAD}.Debug|x86.Build.0 = Debug|Any CPU
		{39AE1D93-B94B-4972-8A5B-F40C285B7AAD}.Release|Any CPU.ActiveCfg = Release|Any CPU
		{39AE1D93-B94B-4972-8A5B-F40C285B7AAD}.Release|Any CPU.Build.0 = Release|Any CPU
		{39AE1D93-B94B-4972-8A5B-F40C285B7AAD}.Release|ARM64.ActiveCfg = Release|Any CPU
		{39AE1D93-B94B-4972-8A5B-F40C285B7AAD}.Release|ARM64.Build.0 = Release|Any CPU
		{39AE1D93-B94B-4972-8A5B-F40C285B7AAD}.Release|x64.ActiveCfg = Release|Any CPU
		{39AE1D93-B94B-4972-8A5B-F40C285B7AAD}.Release|x64.Build.0 = Release|Any CPU
		{39AE1D93-B94B-4972-8A5B-F40C285B7AAD}.Release|x86.ActiveCfg = Release|Any CPU
		{39AE1D93-B94B-4972-8A5B-F40C285B7AAD}.Release|x86.Build.0 = Release|Any CPU
	EndGlobalSection
	GlobalSection(SolutionProperties) = preSolution
		HideSolutionNode = FALSE
	EndGlobalSection
	GlobalSection(ExtensibilityGlobals) = postSolution
		SolutionGuid = {0E5CD872-C0D5-4B28-AB8E-A9C826A779E7}
	EndGlobalSection
EndGlobal
